<?xml version="1.0" encoding="utf-8"?>
<Project ToolsVersion="4.0" xmlns="http://schemas.microsoft.com/developer/msbuild/2003">
  <ItemGroup>
  </ItemGroup>
  <ItemGroup>
  </ItemGroup>
  <ItemGroup>
  </ItemGroup>
  <ItemGroup>
  </ItemGroup>
  <ItemGroup>
    <CustomBuild Include="CMakeFiles\ALL_BUILD.rule">
      <Filter>CMake Rules</Filter>
    </CustomBuild>
    <CustomBuild Include="..\CMakeLists.txt" />
  </ItemGroup>
  <ItemGroup>
    <Filter Include="CMake Rules">
      <UniqueIdentifier>{827D57B3-1ACA-4B5F-AA94-2C8BDC481255}</UniqueIdentifier>
    </Filter>
  </ItemGroup>
  <ItemGroup>
    <None Include="E:\dev\workspaces\qibuild\nao-puppetmaster-server\build-win32-vs2010\CMakeFiles\ALL_BUILD" />
  </ItemGroup>
</Project>
